// !$*UTF8*$!
{
	archiveVersion = 1;
	classes = {
	};
	objectVersion = 56;
	objects = {

/* Begin PBXBuildFile section */
		E24A298128F9D4510019429A /* Poke_companionApp.swift in Sources */ = {isa = PBXBuildFile; fileRef = E24A298028F9D4510019429A /* Poke_companionApp.swift */; };
		E24A298328F9D4510019429A /* MainView.swift in Sources */ = {isa = PBXBuildFile; fileRef = E24A298228F9D4510019429A /* MainView.swift */; };
		E24A298528F9D4520019429A /* Assets.xcassets in Resources */ = {isa = PBXBuildFile; fileRef = E24A298428F9D4520019429A /* Assets.xcassets */; };
		E24A298828F9D4520019429A /* Preview Assets.xcassets in Resources */ = {isa = PBXBuildFile; fileRef = E24A298728F9D4520019429A /* Preview Assets.xcassets */; };
		E27379AC28F9F6400013303B /* PokedexView.swift in Sources */ = {isa = PBXBuildFile; fileRef = E27379AB28F9F6400013303B /* PokedexView.swift */; };
		E27379B028F9F6630013303B /* TeamBuilderView.swift in Sources */ = {isa = PBXBuildFile; fileRef = E27379AF28F9F6630013303B /* TeamBuilderView.swift */; };
		E27379B228F9F6B50013303B /* SettingsView.swift in Sources */ = {isa = PBXBuildFile; fileRef = E27379B128F9F6B50013303B /* SettingsView.swift */; };
		E27379B428F9F6EA0013303B /* FavouritesView.swift in Sources */ = {isa = PBXBuildFile; fileRef = E27379B328F9F6EA0013303B /* FavouritesView.swift */; };
		E27379B628FA14560013303B /* Launch Screen.storyboard in Resources */ = {isa = PBXBuildFile; fileRef = E27379B528FA14560013303B /* Launch Screen.storyboard */; };
		E27379B828FA163B0013303B /* Pokedex.swift in Sources */ = {isa = PBXBuildFile; fileRef = E27379B728FA163B0013303B /* Pokedex.swift */; };
		E27379BA28FA16720013303B /* Pokemon.swift in Sources */ = {isa = PBXBuildFile; fileRef = E27379B928FA16720013303B /* Pokemon.swift */; };
		E2B47EF828FAD73C00F2882F /* PokedexCellView.swift in Sources */ = {isa = PBXBuildFile; fileRef = E2B47EF728FAD73C00F2882F /* PokedexCellView.swift */; };
		E2B47EFA28FAEEE700F2882F /* PokemonTypeCellView.swift in Sources */ = {isa = PBXBuildFile; fileRef = E2B47EF928FAEEE700F2882F /* PokemonTypeCellView.swift */; };
		E2B47EFC28FAF32100F2882F /* PokedexViewModel.swift in Sources */ = {isa = PBXBuildFile; fileRef = E2B47EFB28FAF32100F2882F /* PokedexViewModel.swift */; };
		E2B47EFE28FAF65B00F2882F /* ErrorAlerts.swift in Sources */ = {isa = PBXBuildFile; fileRef = E2B47EFD28FAF65B00F2882F /* ErrorAlerts.swift */; };
/* End PBXBuildFile section */

/* Begin PBXFileReference section */
		E24A297D28F9D4510019429A /* Poke-companion.app */ = {isa = PBXFileReference; explicitFileType = wrapper.application; includeInIndex = 0; path = "Poke-companion.app"; sourceTree = BUILT_PRODUCTS_DIR; };
		E24A298028F9D4510019429A /* Poke_companionApp.swift */ = {isa = PBXFileReference; lastKnownFileType = sourcecode.swift; path = Poke_companionApp.swift; sourceTree = "<group>"; };
		E24A298228F9D4510019429A /* MainView.swift */ = {isa = PBXFileReference; lastKnownFileType = sourcecode.swift; path = MainView.swift; sourceTree = "<group>"; };
		E24A298428F9D4520019429A /* Assets.xcassets */ = {isa = PBXFileReference; lastKnownFileType = folder.assetcatalog; path = Assets.xcassets; sourceTree = "<group>"; };
		E24A298728F9D4520019429A /* Preview Assets.xcassets */ = {isa = PBXFileReference; lastKnownFileType = folder.assetcatalog; path = "Preview Assets.xcassets"; sourceTree = "<group>"; };
		E27379AB28F9F6400013303B /* PokedexView.swift */ = {isa = PBXFileReference; lastKnownFileType = sourcecode.swift; path = PokedexView.swift; sourceTree = "<group>"; };
		E27379AF28F9F6630013303B /* TeamBuilderView.swift */ = {isa = PBXFileReference; lastKnownFileType = sourcecode.swift; path = TeamBuilderView.swift; sourceTree = "<group>"; };
		E27379B128F9F6B50013303B /* SettingsView.swift */ = {isa = PBXFileReference; lastKnownFileType = sourcecode.swift; path = SettingsView.swift; sourceTree = "<group>"; };
		E27379B328F9F6EA0013303B /* FavouritesView.swift */ = {isa = PBXFileReference; lastKnownFileType = sourcecode.swift; path = FavouritesView.swift; sourceTree = "<group>"; };
		E27379B528FA14560013303B /* Launch Screen.storyboard */ = {isa = PBXFileReference; lastKnownFileType = file.storyboard; path = "Launch Screen.storyboard"; sourceTree = "<group>"; };
		E27379B728FA163B0013303B /* Pokedex.swift */ = {isa = PBXFileReference; lastKnownFileType = sourcecode.swift; path = Pokedex.swift; sourceTree = "<group>"; };
		E27379B928FA16720013303B /* Pokemon.swift */ = {isa = PBXFileReference; lastKnownFileType = sourcecode.swift; path = Pokemon.swift; sourceTree = "<group>"; };
		E2B47EF728FAD73C00F2882F /* PokedexCellView.swift */ = {isa = PBXFileReference; lastKnownFileType = sourcecode.swift; path = PokedexCellView.swift; sourceTree = "<group>"; };
		E2B47EF928FAEEE700F2882F /* PokemonTypeCellView.swift */ = {isa = PBXFileReference; lastKnownFileType = sourcecode.swift; path = PokemonTypeCellView.swift; sourceTree = "<group>"; };
		E2B47EFB28FAF32100F2882F /* PokedexViewModel.swift */ = {isa = PBXFileReference; lastKnownFileType = sourcecode.swift; path = PokedexViewModel.swift; sourceTree = "<group>"; };
		E2B47EFD28FAF65B00F2882F /* ErrorAlerts.swift */ = {isa = PBXFileReference; lastKnownFileType = sourcecode.swift; path = ErrorAlerts.swift; sourceTree = "<group>"; };
/* End PBXFileReference section */

/* Begin PBXFrameworksBuildPhase section */
		E24A297A28F9D4510019429A /* Frameworks */ = {
			isa = PBXFrameworksBuildPhase;
			buildActionMask = 2147483647;
			files = (
			);
			runOnlyForDeploymentPostprocessing = 0;
		};
/* End PBXFrameworksBuildPhase section */

/* Begin PBXGroup section */
		E24A297428F9D4510019429A = {
			isa = PBXGroup;
			children = (
				E24A297F28F9D4510019429A /* Poke-companion */,
				E24A297E28F9D4510019429A /* Products */,
			);
			sourceTree = "<group>";
		};
		E24A297E28F9D4510019429A /* Products */ = {
			isa = PBXGroup;
			children = (
				E24A297D28F9D4510019429A /* Poke-companion.app */,
			);
			name = Products;
			sourceTree = "<group>";
		};
		E24A297F28F9D4510019429A /* Poke-companion */ = {
			isa = PBXGroup;
			children = (
				E27379A128F9F4BF0013303B /* Extensions */,
				E27379A228F9F4C70013303B /* Models */,
				E27379A528F9F4E00013303B /* ViewModels */,
				E27379A428F9F4D40013303B /* Views */,
				E27379A828F9F5240013303B /* Resources */,
				E27379A328F9F4CD0013303B /* Utils */,
				E24A298628F9D4520019429A /* Preview Content */,
			);
			path = "Poke-companion";
			sourceTree = "<group>";
		};
		E24A298628F9D4520019429A /* Preview Content */ = {
			isa = PBXGroup;
			children = (
				E24A298728F9D4520019429A /* Preview Assets.xcassets */,
			);
			path = "Preview Content";
			sourceTree = "<group>";
		};
		E27379A128F9F4BF0013303B /* Extensions */ = {
			isa = PBXGroup;
			children = (
			);
			path = Extensions;
			sourceTree = "<group>";
		};
		E27379A228F9F4C70013303B /* Models */ = {
			isa = PBXGroup;
			children = (
				E27379B728FA163B0013303B /* Pokedex.swift */,
				E27379B928FA16720013303B /* Pokemon.swift */,
				E2B47EFD28FAF65B00F2882F /* ErrorAlerts.swift */,
			);
			path = Models;
			sourceTree = "<group>";
		};
		E27379A328F9F4CD0013303B /* Utils */ = {
			isa = PBXGroup;
			children = (
			);
			path = Utils;
			sourceTree = "<group>";
		};
		E27379A428F9F4D40013303B /* Views */ = {
			isa = PBXGroup;
			children = (
				E27379A728F9F5110013303B /* CustomViews */,
				E27379A628F9F50B0013303B /* Core */,
			);
			path = Views;
			sourceTree = "<group>";
		};
		E27379A528F9F4E00013303B /* ViewModels */ = {
			isa = PBXGroup;
			children = (
				E2B47EFB28FAF32100F2882F /* PokedexViewModel.swift */,
			);
			path = ViewModels;
			sourceTree = "<group>";
		};
		E27379A628F9F50B0013303B /* Core */ = {
			isa = PBXGroup;
			children = (
				E27379AB28F9F6400013303B /* PokedexView.swift */,
				E27379AF28F9F6630013303B /* TeamBuilderView.swift */,
				E27379B128F9F6B50013303B /* SettingsView.swift */,
				E27379B328F9F6EA0013303B /* FavouritesView.swift */,
			);
			path = Core;
			sourceTree = "<group>";
		};
		E27379A728F9F5110013303B /* CustomViews */ = {
			isa = PBXGroup;
			children = (
				E2B47EF728FAD73C00F2882F /* PokedexCellView.swift */,
				E2B47EF928FAEEE700F2882F /* PokemonTypeCellView.swift */,
			);
			path = CustomViews;
			sourceTree = "<group>";
		};
		E27379A828F9F5240013303B /* Resources */ = {
			isa = PBXGroup;
			children = (
				E24A298228F9D4510019429A /* MainView.swift */,
				E24A298028F9D4510019429A /* Poke_companionApp.swift */,
				E24A298428F9D4520019429A /* Assets.xcassets */,
				E27379B528FA14560013303B /* Launch Screen.storyboard */,
			);
			path = Resources;
			sourceTree = "<group>";
		};
/* End PBXGroup section */

/* Begin PBXNativeTarget section */
		E24A297C28F9D4510019429A /* Poke-companion */ = {
			isa = PBXNativeTarget;
			buildConfigurationList = E24A298B28F9D4520019429A /* Build configuration list for PBXNativeTarget "Poke-companion" */;
			buildPhases = (
				E24A297928F9D4510019429A /* Sources */,
				E24A297A28F9D4510019429A /* Frameworks */,
				E24A297B28F9D4510019429A /* Resources */,
			);
			buildRules = (
			);
			dependencies = (
			);
			name = "Poke-companion";
			productName = "Poke-companion";
			productReference = E24A297D28F9D4510019429A /* Poke-companion.app */;
			productType = "com.apple.product-type.application";
		};
/* End PBXNativeTarget section */

/* Begin PBXProject section */
		E24A297528F9D4510019429A /* Project object */ = {
			isa = PBXProject;
			attributes = {
				BuildIndependentTargetsInParallel = 1;
				LastSwiftUpdateCheck = 1400;
				LastUpgradeCheck = 1400;
				TargetAttributes = {
					E24A297C28F9D4510019429A = {
						CreatedOnToolsVersion = 14.0.1;
					};
				};
			};
			buildConfigurationList = E24A297828F9D4510019429A /* Build configuration list for PBXProject "Poke-companion" */;
			compatibilityVersion = "Xcode 14.0";
			developmentRegion = en;
			hasScannedForEncodings = 0;
			knownRegions = (
				en,
				Base,
			);
			mainGroup = E24A297428F9D4510019429A;
			productRefGroup = E24A297E28F9D4510019429A /* Products */;
			projectDirPath = "";
			projectRoot = "";
			targets = (
				E24A297C28F9D4510019429A /* Poke-companion */,
			);
		};
/* End PBXProject section */

/* Begin PBXResourcesBuildPhase section */
		E24A297B28F9D4510019429A /* Resources */ = {
			isa = PBXResourcesBuildPhase;
			buildActionMask = 2147483647;
			files = (
				E27379B628FA14560013303B /* Launch Screen.storyboard in Resources */,
				E24A298828F9D4520019429A /* Preview Assets.xcassets in Resources */,
				E24A298528F9D4520019429A /* Assets.xcassets in Resources */,
			);
			runOnlyForDeploymentPostprocessing = 0;
		};
/* End PBXResourcesBuildPhase section */

/* Begin PBXSourcesBuildPhase section */
		E24A297928F9D4510019429A /* Sources */ = {
			isa = PBXSourcesBuildPhase;
			buildActionMask = 2147483647;
			files = (
				E27379B228F9F6B50013303B /* SettingsView.swift in Sources */,
				E27379BA28FA16720013303B /* Pokemon.swift in Sources */,
				E27379AC28F9F6400013303B /* PokedexView.swift in Sources */,
				E27379B028F9F6630013303B /* TeamBuilderView.swift in Sources */,
				E2B47EF828FAD73C00F2882F /* PokedexCellView.swift in Sources */,
				E2B47EFE28FAF65B00F2882F /* ErrorAlerts.swift in Sources */,
				E24A298328F9D4510019429A /* MainView.swift in Sources */,
				E2B47EFA28FAEEE700F2882F /* PokemonTypeCellView.swift in Sources */,
				E2B47EFC28FAF32100F2882F /* PokedexViewModel.swift in Sources */,
				E27379B428F9F6EA0013303B /* FavouritesView.swift in Sources */,
				E27379B828FA163B0013303B /* Pokedex.swift in Sources */,
				E24A298128F9D4510019429A /* Poke_companionApp.swift in Sources */,
			);
			runOnlyForDeploymentPostprocessing = 0;
		};
/* End PBXSourcesBuildPhase section */

/* Begin XCBuildConfiguration section */
		E24A298928F9D4520019429A /* Debug */ = {
			isa = XCBuildConfiguration;
			buildSettings = {
				ALWAYS_SEARCH_USER_PATHS = NO;
				CLANG_ANALYZER_NONNULL = YES;
				CLANG_ANALYZER_NUMBER_OBJECT_CONVERSION = YES_AGGRESSIVE;
				CLANG_CXX_LANGUAGE_STANDARD = "gnu++20";
				CLANG_ENABLE_MODULES = YES;
				CLANG_ENABLE_OBJC_ARC = YES;
				CLANG_ENABLE_OBJC_WEAK = YES;
				CLANG_WARN_BLOCK_CAPTURE_AUTORELEASING = YES;
				CLANG_WARN_BOOL_CONVERSION = YES;
				CLANG_WARN_COMMA = YES;
				CLANG_WARN_CONSTANT_CONVERSION = YES;
				CLANG_WARN_DEPRECATED_OBJC_IMPLEMENTATIONS = YES;
				CLANG_WARN_DIRECT_OBJC_ISA_USAGE = YES_ERROR;
				CLANG_WARN_DOCUMENTATION_COMMENTS = YES;
				CLANG_WARN_EMPTY_BODY = YES;
				CLANG_WARN_ENUM_CONVERSION = YES;
				CLANG_WARN_INFINITE_RECURSION = YES;
				CLANG_WARN_INT_CONVERSION = YES;
				CLANG_WARN_NON_LITERAL_NULL_CONVERSION = YES;
				CLANG_WARN_OBJC_IMPLICIT_RETAIN_SELF = YES;
				CLANG_WARN_OBJC_LITERAL_CONVERSION = YES;
				CLANG_WARN_OBJC_ROOT_CLASS = YES_ERROR;
				CLANG_WARN_QUOTED_INCLUDE_IN_FRAMEWORK_HEADER = YES;
				CLANG_WARN_RANGE_LOOP_ANALYSIS = YES;
				CLANG_WARN_STRICT_PROTOTYPES = YES;
				CLANG_WARN_SUSPICIOUS_MOVE = YES;
				CLANG_WARN_UNGUARDED_AVAILABILITY = YES_AGGRESSIVE;
				CLANG_WARN_UNREACHABLE_CODE = YES;
				CLANG_WARN__DUPLICATE_METHOD_MATCH = YES;
				COPY_PHASE_STRIP = NO;
				DEBUG_INFORMATION_FORMAT = dwarf;
				ENABLE_STRICT_OBJC_MSGSEND = YES;
				ENABLE_TESTABILITY = YES;
				GCC_C_LANGUAGE_STANDARD = gnu11;
				GCC_DYNAMIC_NO_PIC = NO;
				GCC_NO_COMMON_BLOCKS = YES;
				GCC_OPTIMIZATION_LEVEL = 0;
				GCC_PREPROCESSOR_DEFINITIONS = (
					"DEBUG=1",
					"$(inherited)",
				);
				GCC_WARN_64_TO_32_BIT_CONVERSION = YES;
				GCC_WARN_ABOUT_RETURN_TYPE = YES_ERROR;
				GCC_WARN_UNDECLARED_SELECTOR = YES;
				GCC_WARN_UNINITIALIZED_AUTOS = YES_AGGRESSIVE;
				GCC_WARN_UNUSED_FUNCTION = YES;
				GCC_WARN_UNUSED_VARIABLE = YES;
				IPHONEOS_DEPLOYMENT_TARGET = 16.0;
				MTL_ENABLE_DEBUG_INFO = INCLUDE_SOURCE;
				MTL_FAST_MATH = YES;
				ONLY_ACTIVE_ARCH = YES;
				SDKROOT = iphoneos;
				SWIFT_ACTIVE_COMPILATION_CONDITIONS = DEBUG;
				SWIFT_OPTIMIZATION_LEVEL = "-Onone";
			};
			name = Debug;
		};
		E24A298A28F9D4520019429A /* Release */ = {
			isa = XCBuildConfiguration;
			buildSettings = {
				ALWAYS_SEARCH_USER_PATHS = NO;
				CLANG_ANALYZER_NONNULL = YES;
				CLANG_ANALYZER_NUMBER_OBJECT_CONVERSION = YES_AGGRESSIVE;
				CLANG_CXX_LANGUAGE_STANDARD = "gnu++20";
				CLANG_ENABLE_MODULES = YES;
				CLANG_ENABLE_OBJC_ARC = YES;
				CLANG_ENABLE_OBJC_WEAK = YES;
				CLANG_WARN_BLOCK_CAPTURE_AUTORELEASING = YES;
				CLANG_WARN_BOOL_CONVERSION = YES;
				CLANG_WARN_COMMA = YES;
				CLANG_WARN_CONSTANT_CONVERSION = YES;
				CLANG_WARN_DEPRECATED_OBJC_IMPLEMENTATIONS = YES;
				CLANG_WARN_DIRECT_OBJC_ISA_USAGE = YES_ERROR;
				CLANG_WARN_DOCUMENTATION_COMMENTS = YES;
				CLANG_WARN_EMPTY_BODY = YES;
				CLANG_WARN_ENUM_CONVERSION = YES;
				CLANG_WARN_INFINITE_RECURSION = YES;
				CLANG_WARN_INT_CONVERSION = YES;
				CLANG_WARN_NON_LITERAL_NULL_CONVERSION = YES;
				CLANG_WARN_OBJC_IMPLICIT_RETAIN_SELF = YES;
				CLANG_WARN_OBJC_LITERAL_CONVERSION = YES;
				CLANG_WARN_OBJC_ROOT_CLASS = YES_ERROR;
				CLANG_WARN_QUOTED_INCLUDE_IN_FRAMEWORK_HEADER = YES;
				CLANG_WARN_RANGE_LOOP_ANALYSIS = YES;
				CLANG_WARN_STRICT_PROTOTYPES = YES;
				CLANG_WARN_SUSPICIOUS_MOVE = YES;
				CLANG_WARN_UNGUARDED_AVAILABILITY = YES_AGGRESSIVE;
				CLANG_WARN_UNREACHABLE_CODE = YES;
				CLANG_WARN__DUPLICATE_METHOD_MATCH = YES;
				COPY_PHASE_STRIP = NO;
				DEBUG_INFORMATION_FORMAT = "dwarf-with-dsym";
				ENABLE_NS_ASSERTIONS = NO;
				ENABLE_STRICT_OBJC_MSGSEND = YES;
				GCC_C_LANGUAGE_STANDARD = gnu11;
				GCC_NO_COMMON_BLOCKS = YES;
				GCC_WARN_64_TO_32_BIT_CONVERSION = YES;
				GCC_WARN_ABOUT_RETURN_TYPE = YES_ERROR;
				GCC_WARN_UNDECLARED_SELECTOR = YES;
				GCC_WARN_UNINITIALIZED_AUTOS = YES_AGGRESSIVE;
				GCC_WARN_UNUSED_FUNCTION = YES;
				GCC_WARN_UNUSED_VARIABLE = YES;
				IPHONEOS_DEPLOYMENT_TARGET = 16.0;
				MTL_ENABLE_DEBUG_INFO = NO;
				MTL_FAST_MATH = YES;
				SDKROOT = iphoneos;
				SWIFT_COMPILATION_MODE = wholemodule;
				SWIFT_OPTIMIZATION_LEVEL = "-O";
				VALIDATE_PRODUCT = YES;
			};
			name = Release;
		};
		E24A298C28F9D4520019429A /* Debug */ = {
			isa = XCBuildConfiguration;
			buildSettings = {
				ASSETCATALOG_COMPILER_APPICON_NAME = AppIcon;
				ASSETCATALOG_COMPILER_GLOBAL_ACCENT_COLOR_NAME = AccentColor;
				CODE_SIGN_STYLE = Automatic;
				CURRENT_PROJECT_VERSION = 1;
				DEVELOPMENT_ASSET_PATHS = "\"Poke-companion/Preview Content\"";
				DEVELOPMENT_TEAM = K9L457R99N;
				ENABLE_PREVIEWS = YES;
				GENERATE_INFOPLIST_FILE = YES;
				INFOPLIST_KEY_UIApplicationSceneManifest_Generation = YES;
				INFOPLIST_KEY_UIApplicationSupportsIndirectInputEvents = YES;
				INFOPLIST_KEY_UILaunchScreen_Generation = YES;
				INFOPLIST_KEY_UILaunchStoryboardName = "Launch Screen.storyboard";
				INFOPLIST_KEY_UISupportedInterfaceOrientations = UIInterfaceOrientationPortrait;
				INFOPLIST_KEY_UISupportedInterfaceOrientations_iPad = "UIInterfaceOrientationLandscapeLeft UIInterfaceOrientationLandscapeRight UIInterfaceOrientationPortrait";
				LD_RUNPATH_SEARCH_PATHS = (
					"$(inherited)",
					"@executable_path/Frameworks",
				);
				MARKETING_VERSION = 1.0;
				PRODUCT_BUNDLE_IDENTIFIER = "com.Tsenguun.Poke-companion";
				PRODUCT_NAME = "$(TARGET_NAME)";
				SUPPORTED_PLATFORMS = "iphoneos iphonesimulator";
				SUPPORTS_MACCATALYST = NO;
				SUPPORTS_MAC_DESIGNED_FOR_IPHONE_IPAD = NO;
				SWIFT_EMIT_LOC_STRINGS = YES;
				SWIFT_VERSION = 5.0;
				TARGETED_DEVICE_FAMILY = 1;
			};
			name = Debug;
		};
		E24A298D28F9D4520019429A /* Release */ = {
			isa = XCBuildConfiguration;
			buildSettings = {
				ASSETCATALOG_COMPILER_APPICON_NAME = AppIcon;
				ASSETCATALOG_COMPILER_GLOBAL_ACCENT_COLOR_NAME = AccentColor;
				CODE_SIGN_STYLE = Automatic;
				CURRENT_PROJECT_VERSION = 1;
				DEVELOPMENT_ASSET_PATHS = "\"Poke-companion/Preview Content\"";
				DEVELOPMENT_TEAM = K9L457R99N;
				ENABLE_PREVIEWS = YES;
				GENERATE_INFOPLIST_FILE = YES;
				INFOPLIST_KEY_UIApplicationSceneManifest_Generation = YES;
				INFOPLIST_KEY_UIApplicationSupportsIndirectInputEvents = YES;
				INFOPLIST_KEY_UILaunchScreen_Generation = YES;
				INFOPLIST_KEY_UILaunchStoryboardName = "Launch Screen.storyboard";
				INFOPLIST_KEY_UISupportedInterfaceOrientations = UIInterfaceOrientationPortrait;
				INFOPLIST_KEY_UISupportedInterfaceOrientations_iPad = "UIInterfaceOrientationLandscapeLeft UIInterfaceOrientationLandscapeRight UIInterfaceOrientationPortrait";
				LD_RUNPATH_SEARCH_PATHS = (
					"$(inherited)",
					"@executable_path/Frameworks",
				);
				MARKETING_VERSION = 1.0;
				PRODUCT_BUNDLE_IDENTIFIER = "com.Tsenguun.Poke-companion";
				PRODUCT_NAME = "$(TARGET_NAME)";
				SUPPORTED_PLATFORMS = "iphoneos iphonesimulator";
				SUPPORTS_MACCATALYST = NO;
				SUPPORTS_MAC_DESIGNED_FOR_IPHONE_IPAD = NO;
				SWIFT_EMIT_LOC_STRINGS = YES;
				SWIFT_VERSION = 5.0;
				TARGETED_DEVICE_FAMILY = 1;
			};
			name = Release;
		};
/* End XCBuildConfiguration section */

/* Begin XCConfigurationList section */
		E24A297828F9D4510019429A /* Build configuration list for PBXProject "Poke-companion" */ = {
			isa = XCConfigurationList;
			buildConfigurations = (
				E24A298928F9D4520019429A /* Debug */,
				E24A298A28F9D4520019429A /* Release */,
			);
			defaultConfigurationIsVisible = 0;
			defaultConfigurationName = Release;
		};
		E24A298B28F9D4520019429A /* Build configuration list for PBXNativeTarget "Poke-companion" */ = {
			isa = XCConfigurationList;
			buildConfigurations = (
				E24A298C28F9D4520019429A /* Debug */,
				E24A298D28F9D4520019429A /* Release */,
			);
			defaultConfigurationIsVisible = 0;
			defaultConfigurationName = Release;
		};
/* End XCConfigurationList section */
	};
	rootObject = E24A297528F9D4510019429A /* Project object */;
}
