// !$*UTF8*$!
{
	archiveVersion = 1;
	classes = {
	};
	objectVersion = 56;
	objects = {

/* Begin PBXBuildFile section */
		E2202C9B2923044600104E2C /* Api.swift in Sources */ = {isa = PBXBuildFile; fileRef = E2202C9A2923044500104E2C /* Api.swift */; };
		E223C9292900AF020050AD94 /* Extensions.swift in Sources */ = {isa = PBXBuildFile; fileRef = E223C9282900AF020050AD94 /* Extensions.swift */; };
		E2401F83298022D400298ED0 /* GenerationsEnum.swift in Sources */ = {isa = PBXBuildFile; fileRef = E2401F82298022D400298ED0 /* GenerationsEnum.swift */; };
		E2401F862980768C00298ED0 /* ActivityIndicatorView in Frameworks */ = {isa = PBXBuildFile; productRef = E2401F852980768C00298ED0 /* ActivityIndicatorView */; };
		E24A298128F9D4510019429A /* Poke_companionApp.swift in Sources */ = {isa = PBXBuildFile; fileRef = E24A298028F9D4510019429A /* Poke_companionApp.swift */; };
		E24A298328F9D4510019429A /* MainView.swift in Sources */ = {isa = PBXBuildFile; fileRef = E24A298228F9D4510019429A /* MainView.swift */; };
		E24A298528F9D4520019429A /* Assets.xcassets in Resources */ = {isa = PBXBuildFile; fileRef = E24A298428F9D4520019429A /* Assets.xcassets */; };
		E24A298828F9D4520019429A /* Preview Assets.xcassets in Resources */ = {isa = PBXBuildFile; fileRef = E24A298728F9D4520019429A /* Preview Assets.xcassets */; };
		E24EBA612926BABF00473F3D /* DataCache in Frameworks */ = {isa = PBXBuildFile; productRef = E24EBA602926BABF00473F3D /* DataCache */; };
		E255700F29075D16002D5095 /* Pokemon.swift in Sources */ = {isa = PBXBuildFile; fileRef = E255700E29075D16002D5095 /* Pokemon.swift */; };
		E25641242982BD30000D473E /* UpcomingFeaturesAboutView.swift in Sources */ = {isa = PBXBuildFile; fileRef = E25641232982BD30000D473E /* UpcomingFeaturesAboutView.swift */; };
		E26AD0652921A41A006FE268 /* BarChartCell.swift in Sources */ = {isa = PBXBuildFile; fileRef = E26AD0642921A41A006FE268 /* BarChartCell.swift */; };
		E27379AC28F9F6400013303B /* PokedexView.swift in Sources */ = {isa = PBXBuildFile; fileRef = E27379AB28F9F6400013303B /* PokedexView.swift */; };
		E27379B028F9F6630013303B /* TeamBuilderView.swift in Sources */ = {isa = PBXBuildFile; fileRef = E27379AF28F9F6630013303B /* TeamBuilderView.swift */; };
		E27379B228F9F6B50013303B /* SettingsView.swift in Sources */ = {isa = PBXBuildFile; fileRef = E27379B128F9F6B50013303B /* SettingsView.swift */; };
		E27379B428F9F6EA0013303B /* FavouritesView.swift in Sources */ = {isa = PBXBuildFile; fileRef = E27379B328F9F6EA0013303B /* FavouritesView.swift */; };
		E27379B628FA14560013303B /* Launch Screen.storyboard in Resources */ = {isa = PBXBuildFile; fileRef = E27379B528FA14560013303B /* Launch Screen.storyboard */; };
		E27379B828FA163B0013303B /* Pokedex.swift in Sources */ = {isa = PBXBuildFile; fileRef = E27379B728FA163B0013303B /* Pokedex.swift */; };
		E276179A290C7B1B0094973D /* EvolutionChains.swift in Sources */ = {isa = PBXBuildFile; fileRef = E2761799290C7B1B0094973D /* EvolutionChains.swift */; };
		E27E4E85290821FB00FAA964 /* CachedAsyncImage in Frameworks */ = {isa = PBXBuildFile; productRef = E27E4E84290821FB00FAA964 /* CachedAsyncImage */; };
		E283C7C02981A34600B1101E /* SettingsAboutView.swift in Sources */ = {isa = PBXBuildFile; fileRef = E283C7BF2981A34600B1101E /* SettingsAboutView.swift */; };
		E28A747829609DB80066AB78 /* PokemonTeamView.swift in Sources */ = {isa = PBXBuildFile; fileRef = E28A747729609DB80066AB78 /* PokemonTeamView.swift */; };
		E28A747A2960A7590066AB78 /* PokemonTeamCell.swift in Sources */ = {isa = PBXBuildFile; fileRef = E28A74792960A7590066AB78 /* PokemonTeamCell.swift */; };
		E28A747C2960AA160066AB78 /* DropViewDelegate.swift in Sources */ = {isa = PBXBuildFile; fileRef = E28A747B2960AA160066AB78 /* DropViewDelegate.swift */; };
		E28E9C4329830C6B00A46783 /* PokeEncounterVM.swift in Sources */ = {isa = PBXBuildFile; fileRef = E28E9C4229830C6B00A46783 /* PokeEncounterVM.swift */; };
		E28E9C4529830F1E00A46783 /* PokemonEncounter.swift in Sources */ = {isa = PBXBuildFile; fileRef = E28E9C4429830F1E00A46783 /* PokemonEncounter.swift */; };
		E299774329771B0C0063E080 /* PokedexImageSetting.swift in Sources */ = {isa = PBXBuildFile; fileRef = E299774229771B0C0063E080 /* PokedexImageSetting.swift */; };
		E2AE3EB1290C8B83005A78F5 /* PokemonSpecies.swift in Sources */ = {isa = PBXBuildFile; fileRef = E2AE3EB0290C8B83005A78F5 /* PokemonSpecies.swift */; };
		E2B18C97295DFC8300DA8C22 /* MovesCellView.swift in Sources */ = {isa = PBXBuildFile; fileRef = E2B18C96295DFC8300DA8C22 /* MovesCellView.swift */; };
		E2B47EF828FAD73C00F2882F /* PokedexCellView.swift in Sources */ = {isa = PBXBuildFile; fileRef = E2B47EF728FAD73C00F2882F /* PokedexCellView.swift */; };
		E2B47EFA28FAEEE700F2882F /* PokemonDetailsView.swift in Sources */ = {isa = PBXBuildFile; fileRef = E2B47EF928FAEEE700F2882F /* PokemonDetailsView.swift */; };
		E2B47EFC28FAF32100F2882F /* PokedexViewModel.swift in Sources */ = {isa = PBXBuildFile; fileRef = E2B47EFB28FAF32100F2882F /* PokedexViewModel.swift */; };
		E2B47EFE28FAF65B00F2882F /* ErrorAlerts.swift in Sources */ = {isa = PBXBuildFile; fileRef = E2B47EFD28FAF65B00F2882F /* ErrorAlerts.swift */; };
		E2CA875C2916A24E00A442B3 /* PokemonSpeciesViewModel.swift in Sources */ = {isa = PBXBuildFile; fileRef = E2CA875B2916A24E00A442B3 /* PokemonSpeciesViewModel.swift */; };
		E2D943BC297458F20067C9AA /* FavouritePokemons.swift in Sources */ = {isa = PBXBuildFile; fileRef = E2D943BB297458F20067C9AA /* FavouritePokemons.swift */; };
		E2D943BE297471F80067C9AA /* TeamBuilderViewModel.swift in Sources */ = {isa = PBXBuildFile; fileRef = E2D943BD297471F80067C9AA /* TeamBuilderViewModel.swift */; };
		E2F87762291F049D008E26C5 /* AboutDescriptionView.swift in Sources */ = {isa = PBXBuildFile; fileRef = E2F87761291F049D008E26C5 /* AboutDescriptionView.swift */; };
		E2F87764291F05F6008E26C5 /* ControlTabsView.swift in Sources */ = {isa = PBXBuildFile; fileRef = E2F87763291F05F6008E26C5 /* ControlTabsView.swift */; };
		E2F87766291F07C9008E26C5 /* AsyncImageView.swift in Sources */ = {isa = PBXBuildFile; fileRef = E2F87765291F07C9008E26C5 /* AsyncImageView.swift */; };
		E2F87768291F07FF008E26C5 /* StatsView.swift in Sources */ = {isa = PBXBuildFile; fileRef = E2F87767291F07FF008E26C5 /* StatsView.swift */; };
		E2F8776A291F0810008E26C5 /* MovesView.swift in Sources */ = {isa = PBXBuildFile; fileRef = E2F87769291F0810008E26C5 /* MovesView.swift */; };
		E2F8776D291F0851008E26C5 /* GenerationsView.swift in Sources */ = {isa = PBXBuildFile; fileRef = E2F8776C291F0851008E26C5 /* GenerationsView.swift */; };
		E2F87771291F0B52008E26C5 /* SelectedTabSemiCircle.swift in Sources */ = {isa = PBXBuildFile; fileRef = E2F87770291F0B52008E26C5 /* SelectedTabSemiCircle.swift */; };
		E2F87773291F0B99008E26C5 /* TabsAppBar.swift in Sources */ = {isa = PBXBuildFile; fileRef = E2F87772291F0B99008E26C5 /* TabsAppBar.swift */; };
/* End PBXBuildFile section */

/* Begin PBXFileReference section */
		E2202C9A2923044500104E2C /* Api.swift */ = {isa = PBXFileReference; lastKnownFileType = sourcecode.swift; path = Api.swift; sourceTree = "<group>"; };
		E223C9282900AF020050AD94 /* Extensions.swift */ = {isa = PBXFileReference; lastKnownFileType = sourcecode.swift; path = Extensions.swift; sourceTree = "<group>"; };
		E2401F82298022D400298ED0 /* GenerationsEnum.swift */ = {isa = PBXFileReference; lastKnownFileType = sourcecode.swift; path = GenerationsEnum.swift; sourceTree = "<group>"; };
		E24A297D28F9D4510019429A /* Poke-companion.app */ = {isa = PBXFileReference; explicitFileType = wrapper.application; includeInIndex = 0; path = "Poke-companion.app"; sourceTree = BUILT_PRODUCTS_DIR; };
		E24A298028F9D4510019429A /* Poke_companionApp.swift */ = {isa = PBXFileReference; lastKnownFileType = sourcecode.swift; path = Poke_companionApp.swift; sourceTree = "<group>"; };
		E24A298228F9D4510019429A /* MainView.swift */ = {isa = PBXFileReference; lastKnownFileType = sourcecode.swift; path = MainView.swift; sourceTree = "<group>"; };
		E24A298428F9D4520019429A /* Assets.xcassets */ = {isa = PBXFileReference; lastKnownFileType = folder.assetcatalog; path = Assets.xcassets; sourceTree = "<group>"; };
		E24A298728F9D4520019429A /* Preview Assets.xcassets */ = {isa = PBXFileReference; lastKnownFileType = folder.assetcatalog; path = "Preview Assets.xcassets"; sourceTree = "<group>"; };
		E255700E29075D16002D5095 /* Pokemon.swift */ = {isa = PBXFileReference; lastKnownFileType = sourcecode.swift; path = Pokemon.swift; sourceTree = "<group>"; };
		E25641232982BD30000D473E /* UpcomingFeaturesAboutView.swift */ = {isa = PBXFileReference; lastKnownFileType = sourcecode.swift; path = UpcomingFeaturesAboutView.swift; sourceTree = "<group>"; };
		E26AD0642921A41A006FE268 /* BarChartCell.swift */ = {isa = PBXFileReference; lastKnownFileType = sourcecode.swift; path = BarChartCell.swift; sourceTree = "<group>"; };
		E27379AB28F9F6400013303B /* PokedexView.swift */ = {isa = PBXFileReference; lastKnownFileType = sourcecode.swift; path = PokedexView.swift; sourceTree = "<group>"; };
		E27379AF28F9F6630013303B /* TeamBuilderView.swift */ = {isa = PBXFileReference; lastKnownFileType = sourcecode.swift; path = TeamBuilderView.swift; sourceTree = "<group>"; };
		E27379B128F9F6B50013303B /* SettingsView.swift */ = {isa = PBXFileReference; lastKnownFileType = sourcecode.swift; path = SettingsView.swift; sourceTree = "<group>"; };
		E27379B328F9F6EA0013303B /* FavouritesView.swift */ = {isa = PBXFileReference; lastKnownFileType = sourcecode.swift; path = FavouritesView.swift; sourceTree = "<group>"; };
		E27379B528FA14560013303B /* Launch Screen.storyboard */ = {isa = PBXFileReference; lastKnownFileType = file.storyboard; path = "Launch Screen.storyboard"; sourceTree = "<group>"; };
		E27379B728FA163B0013303B /* Pokedex.swift */ = {isa = PBXFileReference; lastKnownFileType = sourcecode.swift; path = Pokedex.swift; sourceTree = "<group>"; };
		E2761799290C7B1B0094973D /* EvolutionChains.swift */ = {isa = PBXFileReference; lastKnownFileType = sourcecode.swift; path = EvolutionChains.swift; sourceTree = "<group>"; };
		E283C7BF2981A34600B1101E /* SettingsAboutView.swift */ = {isa = PBXFileReference; lastKnownFileType = sourcecode.swift; path = SettingsAboutView.swift; sourceTree = "<group>"; };
		E28A747729609DB80066AB78 /* PokemonTeamView.swift */ = {isa = PBXFileReference; lastKnownFileType = sourcecode.swift; path = PokemonTeamView.swift; sourceTree = "<group>"; };
		E28A74792960A7590066AB78 /* PokemonTeamCell.swift */ = {isa = PBXFileReference; lastKnownFileType = sourcecode.swift; path = PokemonTeamCell.swift; sourceTree = "<group>"; };
		E28A747B2960AA160066AB78 /* DropViewDelegate.swift */ = {isa = PBXFileReference; lastKnownFileType = sourcecode.swift; path = DropViewDelegate.swift; sourceTree = "<group>"; };
		E28E9C4229830C6B00A46783 /* PokeEncounterVM.swift */ = {isa = PBXFileReference; lastKnownFileType = sourcecode.swift; path = PokeEncounterVM.swift; sourceTree = "<group>"; };
		E28E9C4429830F1E00A46783 /* PokemonEncounter.swift */ = {isa = PBXFileReference; lastKnownFileType = sourcecode.swift; path = PokemonEncounter.swift; sourceTree = "<group>"; };
		E299774229771B0C0063E080 /* PokedexImageSetting.swift */ = {isa = PBXFileReference; lastKnownFileType = sourcecode.swift; path = PokedexImageSetting.swift; sourceTree = "<group>"; };
		E2AE3EB0290C8B83005A78F5 /* PokemonSpecies.swift */ = {isa = PBXFileReference; lastKnownFileType = sourcecode.swift; path = PokemonSpecies.swift; sourceTree = "<group>"; };
		E2B18C96295DFC8300DA8C22 /* MovesCellView.swift */ = {isa = PBXFileReference; lastKnownFileType = sourcecode.swift; path = MovesCellView.swift; sourceTree = "<group>"; };
		E2B47EF728FAD73C00F2882F /* PokedexCellView.swift */ = {isa = PBXFileReference; lastKnownFileType = sourcecode.swift; path = PokedexCellView.swift; sourceTree = "<group>"; };
		E2B47EF928FAEEE700F2882F /* PokemonDetailsView.swift */ = {isa = PBXFileReference; lastKnownFileType = sourcecode.swift; path = PokemonDetailsView.swift; sourceTree = "<group>"; };
		E2B47EFB28FAF32100F2882F /* PokedexViewModel.swift */ = {isa = PBXFileReference; lastKnownFileType = sourcecode.swift; path = PokedexViewModel.swift; sourceTree = "<group>"; };
		E2B47EFD28FAF65B00F2882F /* ErrorAlerts.swift */ = {isa = PBXFileReference; lastKnownFileType = sourcecode.swift; path = ErrorAlerts.swift; sourceTree = "<group>"; };
		E2CA875B2916A24E00A442B3 /* PokemonSpeciesViewModel.swift */ = {isa = PBXFileReference; lastKnownFileType = sourcecode.swift; path = PokemonSpeciesViewModel.swift; sourceTree = "<group>"; };
		E2D943BB297458F20067C9AA /* FavouritePokemons.swift */ = {isa = PBXFileReference; lastKnownFileType = sourcecode.swift; path = FavouritePokemons.swift; sourceTree = "<group>"; };
		E2D943BD297471F80067C9AA /* TeamBuilderViewModel.swift */ = {isa = PBXFileReference; lastKnownFileType = sourcecode.swift; path = TeamBuilderViewModel.swift; sourceTree = "<group>"; };
		E2F87761291F049D008E26C5 /* AboutDescriptionView.swift */ = {isa = PBXFileReference; lastKnownFileType = sourcecode.swift; path = AboutDescriptionView.swift; sourceTree = "<group>"; };
		E2F87763291F05F6008E26C5 /* ControlTabsView.swift */ = {isa = PBXFileReference; lastKnownFileType = sourcecode.swift; path = ControlTabsView.swift; sourceTree = "<group>"; };
		E2F87765291F07C9008E26C5 /* AsyncImageView.swift */ = {isa = PBXFileReference; lastKnownFileType = sourcecode.swift; path = AsyncImageView.swift; sourceTree = "<group>"; };
		E2F87767291F07FF008E26C5 /* StatsView.swift */ = {isa = PBXFileReference; lastKnownFileType = sourcecode.swift; path = StatsView.swift; sourceTree = "<group>"; };
		E2F87769291F0810008E26C5 /* MovesView.swift */ = {isa = PBXFileReference; lastKnownFileType = sourcecode.swift; path = MovesView.swift; sourceTree = "<group>"; };
		E2F8776C291F0851008E26C5 /* GenerationsView.swift */ = {isa = PBXFileReference; lastKnownFileType = sourcecode.swift; path = GenerationsView.swift; sourceTree = "<group>"; };
		E2F87770291F0B52008E26C5 /* SelectedTabSemiCircle.swift */ = {isa = PBXFileReference; lastKnownFileType = sourcecode.swift; path = SelectedTabSemiCircle.swift; sourceTree = "<group>"; };
		E2F87772291F0B99008E26C5 /* TabsAppBar.swift */ = {isa = PBXFileReference; lastKnownFileType = sourcecode.swift; path = TabsAppBar.swift; sourceTree = "<group>"; };
/* End PBXFileReference section */

/* Begin PBXFrameworksBuildPhase section */
		E24A297A28F9D4510019429A /* Frameworks */ = {
			isa = PBXFrameworksBuildPhase;
			buildActionMask = 2147483647;
			files = (
				E27E4E85290821FB00FAA964 /* CachedAsyncImage in Frameworks */,
				E2401F862980768C00298ED0 /* ActivityIndicatorView in Frameworks */,
				E24EBA612926BABF00473F3D /* DataCache in Frameworks */,
			);
			runOnlyForDeploymentPostprocessing = 0;
		};
/* End PBXFrameworksBuildPhase section */

/* Begin PBXGroup section */
		E2202C992923042200104E2C /* ApiService */ = {
			isa = PBXGroup;
			children = (
				E2202C9A2923044500104E2C /* Api.swift */,
			);
			path = ApiService;
			sourceTree = "<group>";
		};
		E24A297428F9D4510019429A = {
			isa = PBXGroup;
			children = (
				E24A297F28F9D4510019429A /* Poke-companion */,
				E24A297E28F9D4510019429A /* Products */,
			);
			sourceTree = "<group>";
		};
		E24A297E28F9D4510019429A /* Products */ = {
			isa = PBXGroup;
			children = (
				E24A297D28F9D4510019429A /* Poke-companion.app */,
			);
			name = Products;
			sourceTree = "<group>";
		};
		E24A297F28F9D4510019429A /* Poke-companion */ = {
			isa = PBXGroup;
			children = (
				E2202C992923042200104E2C /* ApiService */,
				E27379A128F9F4BF0013303B /* Extensions */,
				E27379A228F9F4C70013303B /* Models */,
				E27379A528F9F4E00013303B /* ViewModels */,
				E27379A428F9F4D40013303B /* Views */,
				E27379A828F9F5240013303B /* Resources */,
				E27379A328F9F4CD0013303B /* Utils */,
				E24A298628F9D4520019429A /* Preview Content */,
			);
			path = "Poke-companion";
			sourceTree = "<group>";
		};
		E24A298628F9D4520019429A /* Preview Content */ = {
			isa = PBXGroup;
			children = (
				E24A298728F9D4520019429A /* Preview Assets.xcassets */,
			);
			path = "Preview Content";
			sourceTree = "<group>";
		};
		E27379A128F9F4BF0013303B /* Extensions */ = {
			isa = PBXGroup;
			children = (
				E223C9282900AF020050AD94 /* Extensions.swift */,
			);
			path = Extensions;
			sourceTree = "<group>";
		};
		E27379A228F9F4C70013303B /* Models */ = {
			isa = PBXGroup;
			children = (
				E27379B728FA163B0013303B /* Pokedex.swift */,
				E2B47EFD28FAF65B00F2882F /* ErrorAlerts.swift */,
				E255700E29075D16002D5095 /* Pokemon.swift */,
				E2761799290C7B1B0094973D /* EvolutionChains.swift */,
				E2AE3EB0290C8B83005A78F5 /* PokemonSpecies.swift */,
				E28E9C4429830F1E00A46783 /* PokemonEncounter.swift */,
			);
			path = Models;
			sourceTree = "<group>";
		};
		E27379A328F9F4CD0013303B /* Utils */ = {
			isa = PBXGroup;
			children = (
			);
			path = Utils;
			sourceTree = "<group>";
		};
		E27379A428F9F4D40013303B /* Views */ = {
			isa = PBXGroup;
			children = (
				E2F8776E291F095F008E26C5 /* CustomViews */,
				E2F87760291F03D0008E26C5 /* Cells */,
				E27379A728F9F5110013303B /* PokemonDetails */,
				E27379A628F9F50B0013303B /* Core */,
			);
			path = Views;
			sourceTree = "<group>";
		};
		E27379A528F9F4E00013303B /* ViewModels */ = {
			isa = PBXGroup;
			children = (
				E299774229771B0C0063E080 /* PokedexImageSetting.swift */,
				E2401F82298022D400298ED0 /* GenerationsEnum.swift */,
				E2B47EFB28FAF32100F2882F /* PokedexViewModel.swift */,
				E2CA875B2916A24E00A442B3 /* PokemonSpeciesViewModel.swift */,
				E28A747B2960AA160066AB78 /* DropViewDelegate.swift */,
				E2D943BB297458F20067C9AA /* FavouritePokemons.swift */,
				E2D943BD297471F80067C9AA /* TeamBuilderViewModel.swift */,
				E28E9C4229830C6B00A46783 /* PokeEncounterVM.swift */,
			);
			path = ViewModels;
			sourceTree = "<group>";
		};
		E27379A628F9F50B0013303B /* Core */ = {
			isa = PBXGroup;
			children = (
				E27379AB28F9F6400013303B /* PokedexView.swift */,
				E2B47EF928FAEEE700F2882F /* PokemonDetailsView.swift */,
				E27379AF28F9F6630013303B /* TeamBuilderView.swift */,
				E27379B128F9F6B50013303B /* SettingsView.swift */,
				E27379B328F9F6EA0013303B /* FavouritesView.swift */,
			);
			path = Core;
			sourceTree = "<group>";
		};
		E27379A728F9F5110013303B /* PokemonDetails */ = {
			isa = PBXGroup;
			children = (
				E2F87761291F049D008E26C5 /* AboutDescriptionView.swift */,
				E2F87767291F07FF008E26C5 /* StatsView.swift */,
				E2F87769291F0810008E26C5 /* MovesView.swift */,
				E2F8776C291F0851008E26C5 /* GenerationsView.swift */,
			);
			path = PokemonDetails;
			sourceTree = "<group>";
		};
		E27379A828F9F5240013303B /* Resources */ = {
			isa = PBXGroup;
			children = (
				E24A298228F9D4510019429A /* MainView.swift */,
				E24A298028F9D4510019429A /* Poke_companionApp.swift */,
				E24A298428F9D4520019429A /* Assets.xcassets */,
				E27379B528FA14560013303B /* Launch Screen.storyboard */,
			);
			path = Resources;
			sourceTree = "<group>";
		};
		E2F87760291F03D0008E26C5 /* Cells */ = {
			isa = PBXGroup;
			children = (
				E26AD0642921A41A006FE268 /* BarChartCell.swift */,
				E2B47EF728FAD73C00F2882F /* PokedexCellView.swift */,
				E2B18C96295DFC8300DA8C22 /* MovesCellView.swift */,
				E28A74792960A7590066AB78 /* PokemonTeamCell.swift */,
			);
			path = Cells;
			sourceTree = "<group>";
		};
		E2F8776E291F095F008E26C5 /* CustomViews */ = {
			isa = PBXGroup;
			children = (
				E2F87765291F07C9008E26C5 /* AsyncImageView.swift */,
				E2F87763291F05F6008E26C5 /* ControlTabsView.swift */,
				E2F87770291F0B52008E26C5 /* SelectedTabSemiCircle.swift */,
				E2F87772291F0B99008E26C5 /* TabsAppBar.swift */,
				E28A747729609DB80066AB78 /* PokemonTeamView.swift */,
				E283C7BF2981A34600B1101E /* SettingsAboutView.swift */,
				E25641232982BD30000D473E /* UpcomingFeaturesAboutView.swift */,
			);
			path = CustomViews;
			sourceTree = "<group>";
		};
/* End PBXGroup section */

/* Begin PBXNativeTarget section */
		E24A297C28F9D4510019429A /* Poke-companion */ = {
			isa = PBXNativeTarget;
			buildConfigurationList = E24A298B28F9D4520019429A /* Build configuration list for PBXNativeTarget "Poke-companion" */;
			buildPhases = (
				E24A297928F9D4510019429A /* Sources */,
				E24A297A28F9D4510019429A /* Frameworks */,
				E24A297B28F9D4510019429A /* Resources */,
			);
			buildRules = (
			);
			dependencies = (
			);
			name = "Poke-companion";
			packageProductDependencies = (
				E27E4E84290821FB00FAA964 /* CachedAsyncImage */,
				E24EBA602926BABF00473F3D /* DataCache */,
				E2401F852980768C00298ED0 /* ActivityIndicatorView */,
			);
			productName = "Poke-companion";
			productReference = E24A297D28F9D4510019429A /* Poke-companion.app */;
			productType = "com.apple.product-type.application";
		};
/* End PBXNativeTarget section */

/* Begin PBXProject section */
		E24A297528F9D4510019429A /* Project object */ = {
			isa = PBXProject;
			attributes = {
				BuildIndependentTargetsInParallel = 1;
				LastSwiftUpdateCheck = 1400;
				LastUpgradeCheck = 1400;
				TargetAttributes = {
					E24A297C28F9D4510019429A = {
						CreatedOnToolsVersion = 14.0.1;
					};
				};
			};
			buildConfigurationList = E24A297828F9D4510019429A /* Build configuration list for PBXProject "Poke-companion" */;
			compatibilityVersion = "Xcode 14.0";
			developmentRegion = en;
			hasScannedForEncodings = 0;
			knownRegions = (
				en,
				Base,
			);
			mainGroup = E24A297428F9D4510019429A;
			packageReferences = (
				E27E4E83290821FB00FAA964 /* XCRemoteSwiftPackageReference "swiftui-cached-async-image" */,
				E24EBA5F2926BABF00473F3D /* XCRemoteSwiftPackageReference "DataCache" */,
				E2401F842980768C00298ED0 /* XCRemoteSwiftPackageReference "ActivityIndicatorView" */,
			);
			productRefGroup = E24A297E28F9D4510019429A /* Products */;
			projectDirPath = "";
			projectRoot = "";
			targets = (
				E24A297C28F9D4510019429A /* Poke-companion */,
			);
		};
/* End PBXProject section */

/* Begin PBXResourcesBuildPhase section */
		E24A297B28F9D4510019429A /* Resources */ = {
			isa = PBXResourcesBuildPhase;
			buildActionMask = 2147483647;
			files = (
				E27379B628FA14560013303B /* Launch Screen.storyboard in Resources */,
				E24A298828F9D4520019429A /* Preview Assets.xcassets in Resources */,
				E24A298528F9D4520019429A /* Assets.xcassets in Resources */,
			);
			runOnlyForDeploymentPostprocessing = 0;
		};
/* End PBXResourcesBuildPhase section */

/* Begin PBXSourcesBuildPhase section */
		E24A297928F9D4510019429A /* Sources */ = {
			isa = PBXSourcesBuildPhase;
			buildActionMask = 2147483647;
			files = (
				E2F8776A291F0810008E26C5 /* MovesView.swift in Sources */,
				E27379B228F9F6B50013303B /* SettingsView.swift in Sources */,
				E2401F83298022D400298ED0 /* GenerationsEnum.swift in Sources */,
				E255700F29075D16002D5095 /* Pokemon.swift in Sources */,
				E283C7C02981A34600B1101E /* SettingsAboutView.swift in Sources */,
				E27379AC28F9F6400013303B /* PokedexView.swift in Sources */,
				E27379B028F9F6630013303B /* TeamBuilderView.swift in Sources */,
				E2F87768291F07FF008E26C5 /* StatsView.swift in Sources */,
				E2202C9B2923044600104E2C /* Api.swift in Sources */,
				E26AD0652921A41A006FE268 /* BarChartCell.swift in Sources */,
				E28A747C2960AA160066AB78 /* DropViewDelegate.swift in Sources */,
				E2AE3EB1290C8B83005A78F5 /* PokemonSpecies.swift in Sources */,
				E2B47EF828FAD73C00F2882F /* PokedexCellView.swift in Sources */,
				E2B47EFE28FAF65B00F2882F /* ErrorAlerts.swift in Sources */,
				E24A298328F9D4510019429A /* MainView.swift in Sources */,
				E2F8776D291F0851008E26C5 /* GenerationsView.swift in Sources */,
				E2F87764291F05F6008E26C5 /* ControlTabsView.swift in Sources */,
				E2D943BE297471F80067C9AA /* TeamBuilderViewModel.swift in Sources */,
				E2B47EFA28FAEEE700F2882F /* PokemonDetailsView.swift in Sources */,
				E2F87771291F0B52008E26C5 /* SelectedTabSemiCircle.swift in Sources */,
				E28E9C4329830C6B00A46783 /* PokeEncounterVM.swift in Sources */,
				E223C9292900AF020050AD94 /* Extensions.swift in Sources */,
				E276179A290C7B1B0094973D /* EvolutionChains.swift in Sources */,
				E28E9C4529830F1E00A46783 /* PokemonEncounter.swift in Sources */,
				E2B47EFC28FAF32100F2882F /* PokedexViewModel.swift in Sources */,
				E27379B428F9F6EA0013303B /* FavouritesView.swift in Sources */,
				E2CA875C2916A24E00A442B3 /* PokemonSpeciesViewModel.swift in Sources */,
				E2B18C97295DFC8300DA8C22 /* MovesCellView.swift in Sources */,
				E2F87773291F0B99008E26C5 /* TabsAppBar.swift in Sources */,
				E2F87766291F07C9008E26C5 /* AsyncImageView.swift in Sources */,
				E2F87762291F049D008E26C5 /* AboutDescriptionView.swift in Sources */,
				E28A747A2960A7590066AB78 /* PokemonTeamCell.swift in Sources */,
				E27379B828FA163B0013303B /* Pokedex.swift in Sources */,
				E24A298128F9D4510019429A /* Poke_companionApp.swift in Sources */,
				E299774329771B0C0063E080 /* PokedexImageSetting.swift in Sources */,
				E25641242982BD30000D473E /* UpcomingFeaturesAboutView.swift in Sources */,
				E2D943BC297458F20067C9AA /* FavouritePokemons.swift in Sources */,
				E28A747829609DB80066AB78 /* PokemonTeamView.swift in Sources */,
			);
			runOnlyForDeploymentPostprocessing = 0;
		};
/* End PBXSourcesBuildPhase section */

/* Begin XCBuildConfiguration section */
		E24A298928F9D4520019429A /* Debug */ = {
			isa = XCBuildConfiguration;
			buildSettings = {
				ALWAYS_SEARCH_USER_PATHS = NO;
				CLANG_ANALYZER_NONNULL = YES;
				CLANG_ANALYZER_NUMBER_OBJECT_CONVERSION = YES_AGGRESSIVE;
				CLANG_CXX_LANGUAGE_STANDARD = "gnu++20";
				CLANG_ENABLE_MODULES = YES;
				CLANG_ENABLE_OBJC_ARC = YES;
				CLANG_ENABLE_OBJC_WEAK = YES;
				CLANG_WARN_BLOCK_CAPTURE_AUTORELEASING = YES;
				CLANG_WARN_BOOL_CONVERSION = YES;
				CLANG_WARN_COMMA = YES;
				CLANG_WARN_CONSTANT_CONVERSION = YES;
				CLANG_WARN_DEPRECATED_OBJC_IMPLEMENTATIONS = YES;
				CLANG_WARN_DIRECT_OBJC_ISA_USAGE = YES_ERROR;
				CLANG_WARN_DOCUMENTATION_COMMENTS = YES;
				CLANG_WARN_EMPTY_BODY = YES;
				CLANG_WARN_ENUM_CONVERSION = YES;
				CLANG_WARN_INFINITE_RECURSION = YES;
				CLANG_WARN_INT_CONVERSION = YES;
				CLANG_WARN_NON_LITERAL_NULL_CONVERSION = YES;
				CLANG_WARN_OBJC_IMPLICIT_RETAIN_SELF = YES;
				CLANG_WARN_OBJC_LITERAL_CONVERSION = YES;
				CLANG_WARN_OBJC_ROOT_CLASS = YES_ERROR;
				CLANG_WARN_QUOTED_INCLUDE_IN_FRAMEWORK_HEADER = YES;
				CLANG_WARN_RANGE_LOOP_ANALYSIS = YES;
				CLANG_WARN_STRICT_PROTOTYPES = YES;
				CLANG_WARN_SUSPICIOUS_MOVE = YES;
				CLANG_WARN_UNGUARDED_AVAILABILITY = YES_AGGRESSIVE;
				CLANG_WARN_UNREACHABLE_CODE = YES;
				CLANG_WARN__DUPLICATE_METHOD_MATCH = YES;
				COPY_PHASE_STRIP = NO;
				DEBUG_INFORMATION_FORMAT = dwarf;
				ENABLE_STRICT_OBJC_MSGSEND = YES;
				ENABLE_TESTABILITY = YES;
				GCC_C_LANGUAGE_STANDARD = gnu11;
				GCC_DYNAMIC_NO_PIC = NO;
				GCC_NO_COMMON_BLOCKS = YES;
				GCC_OPTIMIZATION_LEVEL = 0;
				GCC_PREPROCESSOR_DEFINITIONS = (
					"DEBUG=1",
					"$(inherited)",
				);
				GCC_WARN_64_TO_32_BIT_CONVERSION = YES;
				GCC_WARN_ABOUT_RETURN_TYPE = YES_ERROR;
				GCC_WARN_UNDECLARED_SELECTOR = YES;
				GCC_WARN_UNINITIALIZED_AUTOS = YES_AGGRESSIVE;
				GCC_WARN_UNUSED_FUNCTION = YES;
				GCC_WARN_UNUSED_VARIABLE = YES;
				IPHONEOS_DEPLOYMENT_TARGET = 16.0;
				MTL_ENABLE_DEBUG_INFO = INCLUDE_SOURCE;
				MTL_FAST_MATH = YES;
				ONLY_ACTIVE_ARCH = YES;
				SDKROOT = iphoneos;
				SWIFT_ACTIVE_COMPILATION_CONDITIONS = DEBUG;
				SWIFT_OPTIMIZATION_LEVEL = "-Onone";
			};
			name = Debug;
		};
		E24A298A28F9D4520019429A /* Release */ = {
			isa = XCBuildConfiguration;
			buildSettings = {
				ALWAYS_SEARCH_USER_PATHS = NO;
				CLANG_ANALYZER_NONNULL = YES;
				CLANG_ANALYZER_NUMBER_OBJECT_CONVERSION = YES_AGGRESSIVE;
				CLANG_CXX_LANGUAGE_STANDARD = "gnu++20";
				CLANG_ENABLE_MODULES = YES;
				CLANG_ENABLE_OBJC_ARC = YES;
				CLANG_ENABLE_OBJC_WEAK = YES;
				CLANG_WARN_BLOCK_CAPTURE_AUTORELEASING = YES;
				CLANG_WARN_BOOL_CONVERSION = YES;
				CLANG_WARN_COMMA = YES;
				CLANG_WARN_CONSTANT_CONVERSION = YES;
				CLANG_WARN_DEPRECATED_OBJC_IMPLEMENTATIONS = YES;
				CLANG_WARN_DIRECT_OBJC_ISA_USAGE = YES_ERROR;
				CLANG_WARN_DOCUMENTATION_COMMENTS = YES;
				CLANG_WARN_EMPTY_BODY = YES;
				CLANG_WARN_ENUM_CONVERSION = YES;
				CLANG_WARN_INFINITE_RECURSION = YES;
				CLANG_WARN_INT_CONVERSION = YES;
				CLANG_WARN_NON_LITERAL_NULL_CONVERSION = YES;
				CLANG_WARN_OBJC_IMPLICIT_RETAIN_SELF = YES;
				CLANG_WARN_OBJC_LITERAL_CONVERSION = YES;
				CLANG_WARN_OBJC_ROOT_CLASS = YES_ERROR;
				CLANG_WARN_QUOTED_INCLUDE_IN_FRAMEWORK_HEADER = YES;
				CLANG_WARN_RANGE_LOOP_ANALYSIS = YES;
				CLANG_WARN_STRICT_PROTOTYPES = YES;
				CLANG_WARN_SUSPICIOUS_MOVE = YES;
				CLANG_WARN_UNGUARDED_AVAILABILITY = YES_AGGRESSIVE;
				CLANG_WARN_UNREACHABLE_CODE = YES;
				CLANG_WARN__DUPLICATE_METHOD_MATCH = YES;
				COPY_PHASE_STRIP = NO;
				DEBUG_INFORMATION_FORMAT = "dwarf-with-dsym";
				ENABLE_NS_ASSERTIONS = NO;
				ENABLE_STRICT_OBJC_MSGSEND = YES;
				GCC_C_LANGUAGE_STANDARD = gnu11;
				GCC_NO_COMMON_BLOCKS = YES;
				GCC_WARN_64_TO_32_BIT_CONVERSION = YES;
				GCC_WARN_ABOUT_RETURN_TYPE = YES_ERROR;
				GCC_WARN_UNDECLARED_SELECTOR = YES;
				GCC_WARN_UNINITIALIZED_AUTOS = YES_AGGRESSIVE;
				GCC_WARN_UNUSED_FUNCTION = YES;
				GCC_WARN_UNUSED_VARIABLE = YES;
				IPHONEOS_DEPLOYMENT_TARGET = 16.0;
				MTL_ENABLE_DEBUG_INFO = NO;
				MTL_FAST_MATH = YES;
				SDKROOT = iphoneos;
				SWIFT_COMPILATION_MODE = wholemodule;
				SWIFT_OPTIMIZATION_LEVEL = "-O";
				VALIDATE_PRODUCT = YES;
			};
			name = Release;
		};
		E24A298C28F9D4520019429A /* Debug */ = {
			isa = XCBuildConfiguration;
			buildSettings = {
				ASSETCATALOG_COMPILER_APPICON_NAME = AppIcon;
				ASSETCATALOG_COMPILER_GLOBAL_ACCENT_COLOR_NAME = AccentColor;
				CODE_SIGN_STYLE = Automatic;
				CURRENT_PROJECT_VERSION = 1;
				DEVELOPMENT_ASSET_PATHS = "\"Poke-companion/Preview Content\"";
				DEVELOPMENT_TEAM = K9L457R99N;
				ENABLE_PREVIEWS = YES;
				GENERATE_INFOPLIST_FILE = YES;
				INFOPLIST_KEY_CFBundleDisplayName = "Pokébook";
				INFOPLIST_KEY_LSApplicationCategoryType = "public.app-category.entertainment";
				INFOPLIST_KEY_UIApplicationSceneManifest_Generation = YES;
				INFOPLIST_KEY_UIApplicationSupportsIndirectInputEvents = YES;
				INFOPLIST_KEY_UILaunchScreen_Generation = YES;
				INFOPLIST_KEY_UILaunchStoryboardName = "Launch Screen.storyboard";
				INFOPLIST_KEY_UISupportedInterfaceOrientations = UIInterfaceOrientationPortrait;
				INFOPLIST_KEY_UISupportedInterfaceOrientations_iPad = "UIInterfaceOrientationLandscapeLeft UIInterfaceOrientationLandscapeRight UIInterfaceOrientationPortrait";
				LD_RUNPATH_SEARCH_PATHS = (
					"$(inherited)",
					"@executable_path/Frameworks",
				);
				MARKETING_VERSION = 0.1.1;
				PRODUCT_BUNDLE_IDENTIFIER = "com.Tsenguun.Poke-companion";
				PRODUCT_NAME = "$(TARGET_NAME)";
				SUPPORTED_PLATFORMS = "iphoneos iphonesimulator";
				SUPPORTS_MACCATALYST = NO;
				SUPPORTS_MAC_DESIGNED_FOR_IPHONE_IPAD = NO;
				SWIFT_EMIT_LOC_STRINGS = YES;
				SWIFT_VERSION = 5.0;
				TARGETED_DEVICE_FAMILY = 1;
			};
			name = Debug;
		};
		E24A298D28F9D4520019429A /* Release */ = {
			isa = XCBuildConfiguration;
			buildSettings = {
				ASSETCATALOG_COMPILER_APPICON_NAME = AppIcon;
				ASSETCATALOG_COMPILER_GLOBAL_ACCENT_COLOR_NAME = AccentColor;
				CODE_SIGN_STYLE = Automatic;
				CURRENT_PROJECT_VERSION = 1;
				DEVELOPMENT_ASSET_PATHS = "\"Poke-companion/Preview Content\"";
				DEVELOPMENT_TEAM = K9L457R99N;
				ENABLE_PREVIEWS = YES;
				GENERATE_INFOPLIST_FILE = YES;
				INFOPLIST_KEY_CFBundleDisplayName = "Pokébook";
				INFOPLIST_KEY_LSApplicationCategoryType = "public.app-category.entertainment";
				INFOPLIST_KEY_UIApplicationSceneManifest_Generation = YES;
				INFOPLIST_KEY_UIApplicationSupportsIndirectInputEvents = YES;
				INFOPLIST_KEY_UILaunchScreen_Generation = YES;
				INFOPLIST_KEY_UILaunchStoryboardName = "Launch Screen.storyboard";
				INFOPLIST_KEY_UISupportedInterfaceOrientations = UIInterfaceOrientationPortrait;
				INFOPLIST_KEY_UISupportedInterfaceOrientations_iPad = "UIInterfaceOrientationLandscapeLeft UIInterfaceOrientationLandscapeRight UIInterfaceOrientationPortrait";
				LD_RUNPATH_SEARCH_PATHS = (
					"$(inherited)",
					"@executable_path/Frameworks",
				);
				MARKETING_VERSION = 0.1.1;
				PRODUCT_BUNDLE_IDENTIFIER = "com.Tsenguun.Poke-companion";
				PRODUCT_NAME = "$(TARGET_NAME)";
				SUPPORTED_PLATFORMS = "iphoneos iphonesimulator";
				SUPPORTS_MACCATALYST = NO;
				SUPPORTS_MAC_DESIGNED_FOR_IPHONE_IPAD = NO;
				SWIFT_EMIT_LOC_STRINGS = YES;
				SWIFT_VERSION = 5.0;
				TARGETED_DEVICE_FAMILY = 1;
			};
			name = Release;
		};
/* End XCBuildConfiguration section */

/* Begin XCConfigurationList section */
		E24A297828F9D4510019429A /* Build configuration list for PBXProject "Poke-companion" */ = {
			isa = XCConfigurationList;
			buildConfigurations = (
				E24A298928F9D4520019429A /* Debug */,
				E24A298A28F9D4520019429A /* Release */,
			);
			defaultConfigurationIsVisible = 0;
			defaultConfigurationName = Release;
		};
		E24A298B28F9D4520019429A /* Build configuration list for PBXNativeTarget "Poke-companion" */ = {
			isa = XCConfigurationList;
			buildConfigurations = (
				E24A298C28F9D4520019429A /* Debug */,
				E24A298D28F9D4520019429A /* Release */,
			);
			defaultConfigurationIsVisible = 0;
			defaultConfigurationName = Release;
		};
/* End XCConfigurationList section */

/* Begin XCRemoteSwiftPackageReference section */
		E2401F842980768C00298ED0 /* XCRemoteSwiftPackageReference "ActivityIndicatorView" */ = {
			isa = XCRemoteSwiftPackageReference;
			repositoryURL = "https://github.com/exyte/ActivityIndicatorView.git";
			requirement = {
				kind = upToNextMajorVersion;
				minimumVersion = 1.0.0;
			};
		};
		E24EBA5F2926BABF00473F3D /* XCRemoteSwiftPackageReference "DataCache" */ = {
			isa = XCRemoteSwiftPackageReference;
			repositoryURL = "https://github.com/huynguyencong/DataCache.git";
			requirement = {
				kind = upToNextMajorVersion;
				minimumVersion = 1.0.0;
			};
		};
		E27E4E83290821FB00FAA964 /* XCRemoteSwiftPackageReference "swiftui-cached-async-image" */ = {
			isa = XCRemoteSwiftPackageReference;
			repositoryURL = "https://github.com/lorenzofiamingo/swiftui-cached-async-image";
			requirement = {
				kind = upToNextMajorVersion;
				minimumVersion = 2.0.0;
			};
		};
/* End XCRemoteSwiftPackageReference section */

/* Begin XCSwiftPackageProductDependency section */
		E2401F852980768C00298ED0 /* ActivityIndicatorView */ = {
			isa = XCSwiftPackageProductDependency;
			package = E2401F842980768C00298ED0 /* XCRemoteSwiftPackageReference "ActivityIndicatorView" */;
			productName = ActivityIndicatorView;
		};
		E24EBA602926BABF00473F3D /* DataCache */ = {
			isa = XCSwiftPackageProductDependency;
			package = E24EBA5F2926BABF00473F3D /* XCRemoteSwiftPackageReference "DataCache" */;
			productName = DataCache;
		};
		E27E4E84290821FB00FAA964 /* CachedAsyncImage */ = {
			isa = XCSwiftPackageProductDependency;
			package = E27E4E83290821FB00FAA964 /* XCRemoteSwiftPackageReference "swiftui-cached-async-image" */;
			productName = CachedAsyncImage;
		};
/* End XCSwiftPackageProductDependency section */
	};
	rootObject = E24A297528F9D4510019429A /* Project object */;
}
